// !$*UTF8*$!
{
	archiveVersion = 1;
	classes = {
	};
	objectVersion = 50;
	objects = {

/* Begin PBXBuildFile section */
		A4B1C27FEA8524BDD10EF6BC /* Pods_Pokedex.framework in Frameworks */ = {isa = PBXBuildFile; fileRef = E17D837FCBC70FD3B5FCE05A /* Pods_Pokedex.framework */; };
		B4022929246F82560061AB78 /* PokeJSON.swift in Sources */ = {isa = PBXBuildFile; fileRef = B4022928246F82560061AB78 /* PokeJSON.swift */; };
		B436BDC0246E4E3400A94A11 /* pokemon.ttf in Resources */ = {isa = PBXBuildFile; fileRef = B436BDBF246E4E3400A94A11 /* pokemon.ttf */; };
		B436BDC2246E4E3E00A94A11 /* music.mp3 in Resources */ = {isa = PBXBuildFile; fileRef = B436BDC1246E4E3E00A94A11 /* music.mp3 */; };
		B46B51D7246F47C80082BD09 /* PokemonDetailVC.swift in Sources */ = {isa = PBXBuildFile; fileRef = B46B51D6246F47C80082BD09 /* PokemonDetailVC.swift */; };
		B46B51D9246F483B0082BD09 /* Constants.swift in Sources */ = {isa = PBXBuildFile; fileRef = B46B51D8246F483B0082BD09 /* Constants.swift */; };
		B4829A2D246E293100CD0993 /* PokeCell.swift in Sources */ = {isa = PBXBuildFile; fileRef = B4829A2C246E293100CD0993 /* PokeCell.swift */; };
		B4829A30246E2FC600CD0993 /* csv.swift in Sources */ = {isa = PBXBuildFile; fileRef = B4829A2F246E2FC600CD0993 /* csv.swift */; };
		B49607F7246F7543000185C5 /* PokemonApi.swift in Sources */ = {isa = PBXBuildFile; fileRef = B49607F6246F7543000185C5 /* PokemonApi.swift */; };
		B4B5FDE7246D0840000D86C9 /* Pokemon.swift in Sources */ = {isa = PBXBuildFile; fileRef = B4B5FDE6246D0840000D86C9 /* Pokemon.swift */; };
		B4CF3FA1246CF68900F3CB14 /* AppDelegate.swift in Sources */ = {isa = PBXBuildFile; fileRef = B4CF3FA0246CF68900F3CB14 /* AppDelegate.swift */; };
		B4CF3FA3246CF68900F3CB14 /* SceneDelegate.swift in Sources */ = {isa = PBXBuildFile; fileRef = B4CF3FA2246CF68900F3CB14 /* SceneDelegate.swift */; };
		B4CF3FA5246CF68900F3CB14 /* ViewController.swift in Sources */ = {isa = PBXBuildFile; fileRef = B4CF3FA4246CF68900F3CB14 /* ViewController.swift */; };
		B4CF3FA8246CF68900F3CB14 /* Main.storyboard in Resources */ = {isa = PBXBuildFile; fileRef = B4CF3FA6246CF68900F3CB14 /* Main.storyboard */; };
		B4CF3FAA246CF68A00F3CB14 /* Assets.xcassets in Resources */ = {isa = PBXBuildFile; fileRef = B4CF3FA9246CF68A00F3CB14 /* Assets.xcassets */; };
		B4CF3FAD246CF68A00F3CB14 /* LaunchScreen.storyboard in Resources */ = {isa = PBXBuildFile; fileRef = B4CF3FAB246CF68A00F3CB14 /* LaunchScreen.storyboard */; };
		B4CF3FB7246CFAAC00F3CB14 /* pokemon.csv in Resources */ = {isa = PBXBuildFile; fileRef = B4CF3FB6246CFAAB00F3CB14 /* pokemon.csv */; };
/* End PBXBuildFile section */

/* Begin PBXFileReference section */
		8D286C8F833D671B734FD0F4 /* Pods-Pokedex.debug.xcconfig */ = {isa = PBXFileReference; includeInIndex = 1; lastKnownFileType = text.xcconfig; name = "Pods-Pokedex.debug.xcconfig"; path = "Pods/Target Support Files/Pods-Pokedex/Pods-Pokedex.debug.xcconfig"; sourceTree = "<group>"; };
		9907AC6813AE643735161EBD /* Pods-Pokedex.release.xcconfig */ = {isa = PBXFileReference; includeInIndex = 1; lastKnownFileType = text.xcconfig; name = "Pods-Pokedex.release.xcconfig"; path = "Pods/Target Support Files/Pods-Pokedex/Pods-Pokedex.release.xcconfig"; sourceTree = "<group>"; };
		B4022928246F82560061AB78 /* PokeJSON.swift */ = {isa = PBXFileReference; lastKnownFileType = sourcecode.swift; path = PokeJSON.swift; sourceTree = "<group>"; };
		B436BDBF246E4E3400A94A11 /* pokemon.ttf */ = {isa = PBXFileReference; lastKnownFileType = file; path = pokemon.ttf; sourceTree = "<group>"; };
		B436BDC1246E4E3E00A94A11 /* music.mp3 */ = {isa = PBXFileReference; lastKnownFileType = audio.mp3; path = music.mp3; sourceTree = "<group>"; };
		B46B51D6246F47C80082BD09 /* PokemonDetailVC.swift */ = {isa = PBXFileReference; lastKnownFileType = sourcecode.swift; path = PokemonDetailVC.swift; sourceTree = "<group>"; };
		B46B51D8246F483B0082BD09 /* Constants.swift */ = {isa = PBXFileReference; lastKnownFileType = sourcecode.swift; path = Constants.swift; sourceTree = "<group>"; };
		B4829A2C246E293100CD0993 /* PokeCell.swift */ = {isa = PBXFileReference; lastKnownFileType = sourcecode.swift; path = PokeCell.swift; sourceTree = "<group>"; };
		B4829A2F246E2FC600CD0993 /* csv.swift */ = {isa = PBXFileReference; fileEncoding = 4; lastKnownFileType = sourcecode.swift; path = csv.swift; sourceTree = "<group>"; };
		B49607F6246F7543000185C5 /* PokemonApi.swift */ = {isa = PBXFileReference; lastKnownFileType = sourcecode.swift; path = PokemonApi.swift; sourceTree = "<group>"; };
		B4B5FDE6246D0840000D86C9 /* Pokemon.swift */ = {isa = PBXFileReference; lastKnownFileType = sourcecode.swift; path = Pokemon.swift; sourceTree = "<group>"; };
		B4CF3F9D246CF68900F3CB14 /* Pokedex.app */ = {isa = PBXFileReference; explicitFileType = wrapper.application; includeInIndex = 0; path = Pokedex.app; sourceTree = BUILT_PRODUCTS_DIR; };
		B4CF3FA0246CF68900F3CB14 /* AppDelegate.swift */ = {isa = PBXFileReference; lastKnownFileType = sourcecode.swift; path = AppDelegate.swift; sourceTree = "<group>"; };
		B4CF3FA2246CF68900F3CB14 /* SceneDelegate.swift */ = {isa = PBXFileReference; lastKnownFileType = sourcecode.swift; path = SceneDelegate.swift; sourceTree = "<group>"; };
		B4CF3FA4246CF68900F3CB14 /* ViewController.swift */ = {isa = PBXFileReference; lastKnownFileType = sourcecode.swift; path = ViewController.swift; sourceTree = "<group>"; };
		B4CF3FA7246CF68900F3CB14 /* Base */ = {isa = PBXFileReference; lastKnownFileType = file.storyboard; name = Base; path = Base.lproj/Main.storyboard; sourceTree = "<group>"; };
		B4CF3FA9246CF68A00F3CB14 /* Assets.xcassets */ = {isa = PBXFileReference; lastKnownFileType = folder.assetcatalog; path = Assets.xcassets; sourceTree = "<group>"; };
		B4CF3FAC246CF68A00F3CB14 /* Base */ = {isa = PBXFileReference; lastKnownFileType = file.storyboard; name = Base; path = Base.lproj/LaunchScreen.storyboard; sourceTree = "<group>"; };
		B4CF3FAE246CF68A00F3CB14 /* Info.plist */ = {isa = PBXFileReference; lastKnownFileType = text.plist.xml; path = Info.plist; sourceTree = "<group>"; };
		B4CF3FB6246CFAAB00F3CB14 /* pokemon.csv */ = {isa = PBXFileReference; fileEncoding = 4; lastKnownFileType = text; path = pokemon.csv; sourceTree = "<group>"; };
		E17D837FCBC70FD3B5FCE05A /* Pods_Pokedex.framework */ = {isa = PBXFileReference; explicitFileType = wrapper.framework; includeInIndex = 0; path = Pods_Pokedex.framework; sourceTree = BUILT_PRODUCTS_DIR; };
/* End PBXFileReference section */

/* Begin PBXFrameworksBuildPhase section */
		B4CF3F9A246CF68900F3CB14 /* Frameworks */ = {
			isa = PBXFrameworksBuildPhase;
			buildActionMask = 2147483647;
			files = (
				A4B1C27FEA8524BDD10EF6BC /* Pods_Pokedex.framework in Frameworks */,
			);
			runOnlyForDeploymentPostprocessing = 0;
		};
/* End PBXFrameworksBuildPhase section */

/* Begin PBXGroup section */
		3195CEE45DCC4E1A9C0AC293 /* Frameworks */ = {
			isa = PBXGroup;
			children = (
				E17D837FCBC70FD3B5FCE05A /* Pods_Pokedex.framework */,
			);
			name = Frameworks;
			sourceTree = "<group>";
		};
		B436BDBE246E4E1F00A94A11 /* Rescources */ = {
			isa = PBXGroup;
			children = (
				B436BDBF246E4E3400A94A11 /* pokemon.ttf */,
				B436BDC1246E4E3E00A94A11 /* music.mp3 */,
			);
			path = Rescources;
			sourceTree = "<group>";
		};
		B4829A2E246E2FBF00CD0993 /* Util */ = {
			isa = PBXGroup;
			children = (
				B4829A2F246E2FC600CD0993 /* csv.swift */,
				B46B51D8246F483B0082BD09 /* Constants.swift */,
			);
			path = Util;
			sourceTree = "<group>";
		};
		B49607F5246F7522000185C5 /* Services */ = {
			isa = PBXGroup;
			children = (
				B49607F6246F7543000185C5 /* PokemonApi.swift */,
			);
			path = Services;
			sourceTree = "<group>";
		};
		B4B5FDE3246D0816000D86C9 /* Controller */ = {
			isa = PBXGroup;
			children = (
				B4CF3FA4246CF68900F3CB14 /* ViewController.swift */,
				B46B51D6246F47C80082BD09 /* PokemonDetailVC.swift */,
			);
			path = Controller;
			sourceTree = "<group>";
		};
		B4B5FDE4246D082D000D86C9 /* View */ = {
			isa = PBXGroup;
			children = (
				B4829A2C246E293100CD0993 /* PokeCell.swift */,
			);
			path = View;
			sourceTree = "<group>";
		};
		B4B5FDE5246D0832000D86C9 /* Model */ = {
			isa = PBXGroup;
			children = (
				B4B5FDE6246D0840000D86C9 /* Pokemon.swift */,
				B4022928246F82560061AB78 /* PokeJSON.swift */,
			);
			path = Model;
			sourceTree = "<group>";
		};
		B4CF3F94246CF68900F3CB14 = {
			isa = PBXGroup;
			children = (
				B4CF3F9F246CF68900F3CB14 /* Pokedex */,
				B4CF3F9E246CF68900F3CB14 /* Products */,
				CCCDD202967D2A7C54C7202E /* Pods */,
				3195CEE45DCC4E1A9C0AC293 /* Frameworks */,
			);
			sourceTree = "<group>";
		};
		B4CF3F9E246CF68900F3CB14 /* Products */ = {
			isa = PBXGroup;
			children = (
				B4CF3F9D246CF68900F3CB14 /* Pokedex.app */,
			);
			name = Products;
			sourceTree = "<group>";
		};
		B4CF3F9F246CF68900F3CB14 /* Pokedex */ = {
			isa = PBXGroup;
			children = (
				B49607F5246F7522000185C5 /* Services */,
				B436BDBE246E4E1F00A94A11 /* Rescources */,
				B4829A2E246E2FBF00CD0993 /* Util */,
				B4B5FDE5246D0832000D86C9 /* Model */,
				B4B5FDE4246D082D000D86C9 /* View */,
				B4B5FDE3246D0816000D86C9 /* Controller */,
				B4CF3FA0246CF68900F3CB14 /* AppDelegate.swift */,
				B4CF3FA2246CF68900F3CB14 /* SceneDelegate.swift */,
				B4CF3FA6246CF68900F3CB14 /* Main.storyboard */,
				B4CF3FB6246CFAAB00F3CB14 /* pokemon.csv */,
				B4CF3FA9246CF68A00F3CB14 /* Assets.xcassets */,
				B4CF3FAB246CF68A00F3CB14 /* LaunchScreen.storyboard */,
				B4CF3FAE246CF68A00F3CB14 /* Info.plist */,
			);
			path = Pokedex;
			sourceTree = "<group>";
		};
		CCCDD202967D2A7C54C7202E /* Pods */ = {
			isa = PBXGroup;
			children = (
				8D286C8F833D671B734FD0F4 /* Pods-Pokedex.debug.xcconfig */,
				9907AC6813AE643735161EBD /* Pods-Pokedex.release.xcconfig */,
			);
			name = Pods;
			sourceTree = "<group>";
		};
/* End PBXGroup section */

/* Begin PBXNativeTarget section */
		B4CF3F9C246CF68900F3CB14 /* Pokedex */ = {
			isa = PBXNativeTarget;
			buildConfigurationList = B4CF3FB1246CF68A00F3CB14 /* Build configuration list for PBXNativeTarget "Pokedex" */;
			buildPhases = (
				0282E3A194D1E23AC6197FF0 /* [CP] Check Pods Manifest.lock */,
				B4CF3F99246CF68900F3CB14 /* Sources */,
				B4CF3F9A246CF68900F3CB14 /* Frameworks */,
				B4CF3F9B246CF68900F3CB14 /* Resources */,
				73C93B9C605B24D2EBAB4288 /* [CP] Embed Pods Frameworks */,
			);
			buildRules = (
			);
			dependencies = (
			);
			name = Pokedex;
			productName = Pokedex;
			productReference = B4CF3F9D246CF68900F3CB14 /* Pokedex.app */;
			productType = "com.apple.product-type.application";
		};
/* End PBXNativeTarget section */

/* Begin PBXProject section */
		B4CF3F95246CF68900F3CB14 /* Project object */ = {
			isa = PBXProject;
			attributes = {
				LastSwiftUpdateCheck = 1130;
				LastUpgradeCheck = 1130;
				ORGANIZATIONNAME = MuriTech;
				TargetAttributes = {
					B4CF3F9C246CF68900F3CB14 = {
						CreatedOnToolsVersion = 11.3.1;
					};
				};
			};
			buildConfigurationList = B4CF3F98246CF68900F3CB14 /* Build configuration list for PBXProject "Pokedex" */;
			compatibilityVersion = "Xcode 9.3";
			developmentRegion = en;
			hasScannedForEncodings = 0;
			knownRegions = (
				en,
				Base,
			);
			mainGroup = B4CF3F94246CF68900F3CB14;
			productRefGroup = B4CF3F9E246CF68900F3CB14 /* Products */;
			projectDirPath = "";
			projectRoot = "";
			targets = (
				B4CF3F9C246CF68900F3CB14 /* Pokedex */,
			);
		};
/* End PBXProject section */

/* Begin PBXResourcesBuildPhase section */
		B4CF3F9B246CF68900F3CB14 /* Resources */ = {
			isa = PBXResourcesBuildPhase;
			buildActionMask = 2147483647;
			files = (
				B436BDC0246E4E3400A94A11 /* pokemon.ttf in Resources */,
				B4CF3FAD246CF68A00F3CB14 /* LaunchScreen.storyboard in Resources */,
				B436BDC2246E4E3E00A94A11 /* music.mp3 in Resources */,
				B4CF3FAA246CF68A00F3CB14 /* Assets.xcassets in Resources */,
				B4CF3FB7246CFAAC00F3CB14 /* pokemon.csv in Resources */,
				B4CF3FA8246CF68900F3CB14 /* Main.storyboard in Resources */,
			);
			runOnlyForDeploymentPostprocessing = 0;
		};
/* End PBXResourcesBuildPhase section */

/* Begin PBXShellScriptBuildPhase section */
		0282E3A194D1E23AC6197FF0 /* [CP] Check Pods Manifest.lock */ = {
			isa = PBXShellScriptBuildPhase;
			buildActionMask = 2147483647;
			files = (
			);
			inputPaths = (
				"${PODS_PODFILE_DIR_PATH}/Podfile.lock",
				"${PODS_ROOT}/Manifest.lock",
			);
			name = "[CP] Check Pods Manifest.lock";
			outputPaths = (
				"$(DERIVED_FILE_DIR)/Pods-Pokedex-checkManifestLockResult.txt",
			);
			runOnlyForDeploymentPostprocessing = 0;
			shellPath = /bin/sh;
			shellScript = "diff \"${PODS_PODFILE_DIR_PATH}/Podfile.lock\" \"${PODS_ROOT}/Manifest.lock\" > /dev/null\nif [ $? != 0 ] ; then\n    # print error to STDERR\n    echo \"error: The sandbox is not in sync with the Podfile.lock. Run 'pod install' or update your CocoaPods installation.\" >&2\n    exit 1\nfi\n# This output is used by Xcode 'outputs' to avoid re-running this script phase.\necho \"SUCCESS\" > \"${SCRIPT_OUTPUT_FILE_0}\"\n";
			showEnvVarsInLog = 0;
		};
		73C93B9C605B24D2EBAB4288 /* [CP] Embed Pods Frameworks */ = {
			isa = PBXShellScriptBuildPhase;
			buildActionMask = 2147483647;
			files = (
			);
			inputPaths = (
				"${SRCROOT}/Pods/Target Support Files/Pods-Pokedex/Pods-Pokedex-frameworks.sh",
				"${BUILT_PRODUCTS_DIR}/Alamofire/Alamofire.framework",
			);
			name = "[CP] Embed Pods Frameworks";
			outputPaths = (
				"${TARGET_BUILD_DIR}/${FRAMEWORKS_FOLDER_PATH}/Alamofire.framework",
			);
			runOnlyForDeploymentPostprocessing = 0;
			shellPath = /bin/sh;
			shellScript = "\"${SRCROOT}/Pods/Target Support Files/Pods-Pokedex/Pods-Pokedex-frameworks.sh\"\n";
			showEnvVarsInLog = 0;
		};
/* End PBXShellScriptBuildPhase section */

/* Begin PBXSourcesBuildPhase section */
		B4CF3F99246CF68900F3CB14 /* Sources */ = {
			isa = PBXSourcesBuildPhase;
			buildActionMask = 2147483647;
			files = (
				B4829A30246E2FC600CD0993 /* csv.swift in Sources */,
				B4CF3FA5246CF68900F3CB14 /* ViewController.swift in Sources */,
				B4B5FDE7246D0840000D86C9 /* Pokemon.swift in Sources */,
				B4CF3FA1246CF68900F3CB14 /* AppDelegate.swift in Sources */,
				B46B51D7246F47C80082BD09 /* PokemonDetailVC.swift in Sources */,
				B4CF3FA3246CF68900F3CB14 /* SceneDelegate.swift in Sources */,
				B49607F7246F7543000185C5 /* PokemonApi.swift in Sources */,
				B4829A2D246E293100CD0993 /* PokeCell.swift in Sources */,
				B4022929246F82560061AB78 /* PokeJSON.swift in Sources */,
				B46B51D9246F483B0082BD09 /* Constants.swift in Sources */,
			);
			runOnlyForDeploymentPostprocessing = 0;
		};
/* End PBXSourcesBuildPhase section */

/* Begin PBXVariantGroup section */
		B4CF3FA6246CF68900F3CB14 /* Main.storyboard */ = {
			isa = PBXVariantGroup;
			children = (
				B4CF3FA7246CF68900F3CB14 /* Base */,
			);
			name = Main.storyboard;
			sourceTree = "<group>";
		};
		B4CF3FAB246CF68A00F3CB14 /* LaunchScreen.storyboard */ = {
			isa = PBXVariantGroup;
			children = (
				B4CF3FAC246CF68A00F3CB14 /* Base */,
			);
			name = LaunchScreen.storyboard;
			sourceTree = "<group>";
		};
/* End PBXVariantGroup section */

/* Begin XCBuildConfiguration section */
		B4CF3FAF246CF68A00F3CB14 /* Debug */ = {
			isa = XCBuildConfiguration;
			buildSettings = {
				ALWAYS_SEARCH_USER_PATHS = NO;
				CLANG_ANALYZER_NONNULL = YES;
				CLANG_ANALYZER_NUMBER_OBJECT_CONVERSION = YES_AGGRESSIVE;
				CLANG_CXX_LANGUAGE_STANDARD = "gnu++14";
				CLANG_CXX_LIBRARY = "libc++";
				CLANG_ENABLE_MODULES = YES;
				CLANG_ENABLE_OBJC_ARC = YES;
				CLANG_ENABLE_OBJC_WEAK = YES;
				CLANG_WARN_BLOCK_CAPTURE_AUTORELEASING = YES;
				CLANG_WARN_BOOL_CONVERSION = YES;
				CLANG_WARN_COMMA = YES;
				CLANG_WARN_CONSTANT_CONVERSION = YES;
				CLANG_WARN_DEPRECATED_OBJC_IMPLEMENTATIONS = YES;
				CLANG_WARN_DIRECT_OBJC_ISA_USAGE = YES_ERROR;
				CLANG_WARN_DOCUMENTATION_COMMENTS = YES;
				CLANG_WARN_EMPTY_BODY = YES;
				CLANG_WARN_ENUM_CONVERSION = YES;
				CLANG_WARN_INFINITE_RECURSION = YES;
				CLANG_WARN_INT_CONVERSION = YES;
				CLANG_WARN_NON_LITERAL_NULL_CONVERSION = YES;
				CLANG_WARN_OBJC_IMPLICIT_RETAIN_SELF = YES;
				CLANG_WARN_OBJC_LITERAL_CONVERSION = YES;
				CLANG_WARN_OBJC_ROOT_CLASS = YES_ERROR;
				CLANG_WARN_RANGE_LOOP_ANALYSIS = YES;
				CLANG_WARN_STRICT_PROTOTYPES = YES;
				CLANG_WARN_SUSPICIOUS_MOVE = YES;
				CLANG_WARN_UNGUARDED_AVAILABILITY = YES_AGGRESSIVE;
				CLANG_WARN_UNREACHABLE_CODE = YES;
				CLANG_WARN__DUPLICATE_METHOD_MATCH = YES;
				COPY_PHASE_STRIP = NO;
				DEBUG_INFORMATION_FORMAT = dwarf;
				ENABLE_STRICT_OBJC_MSGSEND = YES;
				ENABLE_TESTABILITY = YES;
				GCC_C_LANGUAGE_STANDARD = gnu11;
				GCC_DYNAMIC_NO_PIC = NO;
				GCC_NO_COMMON_BLOCKS = YES;
				GCC_OPTIMIZATION_LEVEL = 0;
				GCC_PREPROCESSOR_DEFINITIONS = (
					"DEBUG=1",
					"$(inherited)",
				);
				GCC_WARN_64_TO_32_BIT_CONVERSION = YES;
				GCC_WARN_ABOUT_RETURN_TYPE = YES_ERROR;
				GCC_WARN_UNDECLARED_SELECTOR = YES;
				GCC_WARN_UNINITIALIZED_AUTOS = YES_AGGRESSIVE;
				GCC_WARN_UNUSED_FUNCTION = YES;
				GCC_WARN_UNUSED_VARIABLE = YES;
				IPHONEOS_DEPLOYMENT_TARGET = 13.2;
				MTL_ENABLE_DEBUG_INFO = INCLUDE_SOURCE;
				MTL_FAST_MATH = YES;
				ONLY_ACTIVE_ARCH = YES;
				SDKROOT = iphoneos;
				SWIFT_ACTIVE_COMPILATION_CONDITIONS = DEBUG;
				SWIFT_OPTIMIZATION_LEVEL = "-Onone";
			};
			name = Debug;
		};
		B4CF3FB0246CF68A00F3CB14 /* Release */ = {
			isa = XCBuildConfiguration;
			buildSettings = {
				ALWAYS_SEARCH_USER_PATHS = NO;
				CLANG_ANALYZER_NONNULL = YES;
				CLANG_ANALYZER_NUMBER_OBJECT_CONVERSION = YES_AGGRESSIVE;
				CLANG_CXX_LANGUAGE_STANDARD = "gnu++14";
				CLANG_CXX_LIBRARY = "libc++";
				CLANG_ENABLE_MODULES = YES;
				CLANG_ENABLE_OBJC_ARC = YES;
				CLANG_ENABLE_OBJC_WEAK = YES;
				CLANG_WARN_BLOCK_CAPTURE_AUTORELEASING = YES;
				CLANG_WARN_BOOL_CONVERSION = YES;
				CLANG_WARN_COMMA = YES;
				CLANG_WARN_CONSTANT_CONVERSION = YES;
				CLANG_WARN_DEPRECATED_OBJC_IMPLEMENTATIONS = YES;
				CLANG_WARN_DIRECT_OBJC_ISA_USAGE = YES_ERROR;
				CLANG_WARN_DOCUMENTATION_COMMENTS = YES;
				CLANG_WARN_EMPTY_BODY = YES;
				CLANG_WARN_ENUM_CONVERSION = YES;
				CLANG_WARN_INFINITE_RECURSION = YES;
				CLANG_WARN_INT_CONVERSION = YES;
				CLANG_WARN_NON_LITERAL_NULL_CONVERSION = YES;
				CLANG_WARN_OBJC_IMPLICIT_RETAIN_SELF = YES;
				CLANG_WARN_OBJC_LITERAL_CONVERSION = YES;
				CLANG_WARN_OBJC_ROOT_CLASS = YES_ERROR;
				CLANG_WARN_RANGE_LOOP_ANALYSIS = YES;
				CLANG_WARN_STRICT_PROTOTYPES = YES;
				CLANG_WARN_SUSPICIOUS_MOVE = YES;
				CLANG_WARN_UNGUARDED_AVAILABILITY = YES_AGGRESSIVE;
				CLANG_WARN_UNREACHABLE_CODE = YES;
				CLANG_WARN__DUPLICATE_METHOD_MATCH = YES;
				COPY_PHASE_STRIP = NO;
				DEBUG_INFORMATION_FORMAT = "dwarf-with-dsym";
				ENABLE_NS_ASSERTIONS = NO;
				ENABLE_STRICT_OBJC_MSGSEND = YES;
				GCC_C_LANGUAGE_STANDARD = gnu11;
				GCC_NO_COMMON_BLOCKS = YES;
				GCC_WARN_64_TO_32_BIT_CONVERSION = YES;
				GCC_WARN_ABOUT_RETURN_TYPE = YES_ERROR;
				GCC_WARN_UNDECLARED_SELECTOR = YES;
				GCC_WARN_UNINITIALIZED_AUTOS = YES_AGGRESSIVE;
				GCC_WARN_UNUSED_FUNCTION = YES;
				GCC_WARN_UNUSED_VARIABLE = YES;
				IPHONEOS_DEPLOYMENT_TARGET = 13.2;
				MTL_ENABLE_DEBUG_INFO = NO;
				MTL_FAST_MATH = YES;
				SDKROOT = iphoneos;
				SWIFT_COMPILATION_MODE = wholemodule;
				SWIFT_OPTIMIZATION_LEVEL = "-O";
				VALIDATE_PRODUCT = YES;
			};
			name = Release;
		};
		B4CF3FB2246CF68A00F3CB14 /* Debug */ = {
			isa = XCBuildConfiguration;
			baseConfigurationReference = 8D286C8F833D671B734FD0F4 /* Pods-Pokedex.debug.xcconfig */;
			buildSettings = {
				ASSETCATALOG_COMPILER_APPICON_NAME = AppIcon;
				CODE_SIGN_STYLE = Automatic;
				DEVELOPMENT_TEAM = 7M226WNK72;
				INFOPLIST_FILE = Pokedex/Info.plist;
				IPHONEOS_DEPLOYMENT_TARGET = 13.0;
				LD_RUNPATH_SEARCH_PATHS = (
					"$(inherited)",
					"@executable_path/Frameworks",
				);
				PRODUCT_BUNDLE_IDENTIFIER = com.MuriTech.Pokedex;
				PRODUCT_NAME = "$(TARGET_NAME)";
				SWIFT_VERSION = 5.0;
				TARGETED_DEVICE_FAMILY = "1,2";
			};
			name = Debug;
		};
		B4CF3FB3246CF68A00F3CB14 /* Release */ = {
			isa = XCBuildConfiguration;
			baseConfigurationReference = 9907AC6813AE643735161EBD /* Pods-Pokedex.release.xcconfig */;
			buildSettings = {
				ASSETCATALOG_COMPILER_APPICON_NAME = AppIcon;
				CODE_SIGN_STYLE = Automatic;
				DEVELOPMENT_TEAM = 7M226WNK72;
				INFOPLIST_FILE = Pokedex/Info.plist;
				IPHONEOS_DEPLOYMENT_TARGET = 13.0;
				LD_RUNPATH_SEARCH_PATHS = (
					"$(inherited)",
					"@executable_path/Frameworks",
				);
				PRODUCT_BUNDLE_IDENTIFIER = com.MuriTech.Pokedex;
				PRODUCT_NAME = "$(TARGET_NAME)";
				SWIFT_VERSION = 5.0;
				TARGETED_DEVICE_FAMILY = "1,2";
			};
			name = Release;
		};
/* End XCBuildConfiguration section */

/* Begin XCConfigurationList section */
		B4CF3F98246CF68900F3CB14 /* Build configuration list for PBXProject "Pokedex" */ = {
			isa = XCConfigurationList;
			buildConfigurations = (
				B4CF3FAF246CF68A00F3CB14 /* Debug */,
				B4CF3FB0246CF68A00F3CB14 /* Release */,
			);
			defaultConfigurationIsVisible = 0;
			defaultConfigurationName = Release;
		};
		B4CF3FB1246CF68A00F3CB14 /* Build configuration list for PBXNativeTarget "Pokedex" */ = {
			isa = XCConfigurationList;
			buildConfigurations = (
				B4CF3FB2246CF68A00F3CB14 /* Debug */,
				B4CF3FB3246CF68A00F3CB14 /* Release */,
			);
			defaultConfigurationIsVisible = 0;
			defaultConfigurationName = Release;
		};
/* End XCConfigurationList section */
	};
	rootObject = B4CF3F95246CF68900F3CB14 /* Project object */;
}
